
Microsoft Visual Studio Solution File, Format Version 12.00
# Visual Studio 14
VisualStudioVersion = 14.0.24720.0
MinimumVisualStudioVersion = 10.0.40219.1
Project("{FAE04EC0-301F-11D3-BF4B-00C04F79EFBC}") = "UglyToad.Fixie.DataDriven", "UglyToad.Fixie.DataDriven\UglyToad.Fixie.DataDriven.csproj", "{06F66E62-B49B-4C82-A7DF-C9852DC7C074}"
EndProject
Project("{FAE04EC0-301F-11D3-BF4B-00C04F79EFBC}") = "UglyToad.Fixie.DataDriven.Tests", "UglyToad.Fixie.DataDriven.Tests\UglyToad.Fixie.DataDriven.Tests.csproj", "{220A2722-463E-4560-8AC7-7DB2A6992987}"
EndProject
Global
	GlobalSection(SolutionConfigurationPlatforms) = preSolution
		Debug|Any CPU = Debug|Any CPU
		Release|Any CPU = Release|Any CPU
	EndGlobalSection
	GlobalSection(ProjectConfigurationPlatforms) = postSolution
		{06F66E62-B49B-4C82-A7DF-C9852DC7C074}.Debug|Any CPU.ActiveCfg = Debug|Any CPU
		{06F66E62-B49B-4C82-A7DF-C9852DC7C074}.Debug|Any CPU.Build.0 = Debug|Any CPU
		{06F66E62-B49B-4C82-A7DF-C9852DC7C074}.Release|Any CPU.ActiveCfg = Release|Any CPU
		{06F66E62-B49B-4C82-A7DF-C9852DC7C074}.Release|Any CPU.Build.0 = Release|Any CPU
		{220A2722-463E-4560-8AC7-7DB2A6992987}.Debug|Any CPU.ActiveCfg = Debug|Any CPU
		{220A2722-463E-4560-8AC7-7DB2A6992987}.Debug|Any CPU.Build.0 = Debug|Any CPU
		{220A2722-463E-4560-8AC7-7DB2A6992987}.Release|Any CPU.ActiveCfg = Release|Any CPU
		{220A2722-463E-4560-8AC7-7DB2A6992987}.Release|Any CPU.Build.0 = Release|Any CPU
	EndGlobalSection
	GlobalSection(SolutionProperties) = preSolution
		HideSolutionNode = FALSE
	EndGlobalSection
EndGlobal
